
Microsoft Visual Studio Solution File, Format Version 12.00
# Visual Studio 15
VisualStudioVersion = 15.0.27428.2011
MinimumVisualStudioVersion = 10.0.40219.1
Project("{2150E333-8FDC-42A3-9474-1A3956D46DE8}") = "NoSQL", "NoSQL", "{C7C900B4-A88D-4557-B74A-02531D20A806}"
EndProject
Project("{FAE04EC0-301F-11D3-BF4B-00C04F79EFBC}") = "Redis", "Redis\Redis.csproj", "{0E9ACAE7-FF06-4BD5-861B-748CF8303093}"
EndProject
Project("{2150E333-8FDC-42A3-9474-1A3956D46DE8}") = "Web", "Web", "{F1B01BEA-88F4-44B3-83DE-8D4E363AED69}"
EndProject
Project("{FAE04EC0-301F-11D3-BF4B-00C04F79EFBC}") = "LayUI", "LayUI\LayUI.csproj", "{87660CB2-B627-4D92-B5E7-4B21B344B52B}"
EndProject
Project("{FAE04EC0-301F-11D3-BF4B-00C04F79EFBC}") = "Test3", "Test3\Test3.csproj", "{5F973E60-C13E-419E-8C91-111F8054C573}"
EndProject
Project("{FAE04EC0-301F-11D3-BF4B-00C04F79EFBC}") = "ESearch", "ESearch\ESearch.csproj", "{E2504296-77C5-4217-9D93-EEFF442ECE96}"
EndProject
Project("{FAE04EC0-301F-11D3-BF4B-00C04F79EFBC}") = "WebApi", "WebApi\WebApi.csproj", "{85F72CE4-A37A-41E8-8D0B-996A6F90D0D8}"
EndProject
Project("{FAE04EC0-301F-11D3-BF4B-00C04F79EFBC}") = "UNitTest", "UNitTest\UNitTest.csproj", "{47C2419A-CE83-41C6-975B-F152A0B45094}"
EndProject
Project("{FAE04EC0-301F-11D3-BF4B-00C04F79EFBC}") = "ESearchTests1", "ESearchTests1\ESearchTests1.csproj", "{0F9FF1BF-8823-44E4-A2D6-C3455C3FD813}"
EndProject
Project("{FAE04EC0-301F-11D3-BF4B-00C04F79EFBC}") = "ES5.6.4", "ES5.6.4\ES5.6.4.csproj", "{F29F9955-A43B-4251-B495-742125389ABF}"
EndProject
Project("{FAE04EC0-301F-11D3-BF4B-00C04F79EFBC}") = "ES5.6.4Tests", "ES5.6.4Tests\ES5.6.4Tests.csproj", "{16062841-A849-4B08-B9A2-6EA3C33F8F42}"
EndProject
Project("{2150E333-8FDC-42A3-9474-1A3956D46DE8}") = "MQ", "MQ", "{56097DE4-8E4A-44BC-B398-2975FB69137C}"
EndProject
Project("{FAE04EC0-301F-11D3-BF4B-00C04F79EFBC}") = "RabbitMQ", "RabbitMQ\RabbitMQ.csproj", "{5AD5C8D9-0055-42A2-9071-E4888AFCB6CD}"
EndProject
Project("{FAE04EC0-301F-11D3-BF4B-00C04F79EFBC}") = "RabbitMQConsumer", "RabbitMQConsumer\RabbitMQConsumer.csproj", "{FC4EB5E7-3FFA-41FD-91F4-4B9B04AE07D3}"
EndProject
Project("{2150E333-8FDC-42A3-9474-1A3956D46DE8}") = "Test", "Test", "{777B06B6-1B13-45AC-97BD-C6B35AE9521B}"
EndProject
Project("{FAE04EC0-301F-11D3-BF4B-00C04F79EFBC}") = "ConsoleApp1", "ConsoleApp1\ConsoleApp1.csproj", "{40121A72-8DED-44E7-8357-E25D69E5278A}"
EndProject
Project("{2150E333-8FDC-42A3-9474-1A3956D46DE8}") = "MulThread", "MulThread", "{C09F9180-2539-43B0-B353-A85FA0275B7E}"
EndProject
Project("{FAE04EC0-301F-11D3-BF4B-00C04F79EFBC}") = "ThreadDemo", "ThreadDemo\ThreadDemo.csproj", "{A18BE607-27A7-4690-8E41-76884951E77C}"
EndProject
Project("{FAE04EC0-301F-11D3-BF4B-00C04F79EFBC}") = "TPLApp", "TPLApp\TPLApp.csproj", "{CFA336F8-1AC9-4972-8AB0-972B5ABAF398}"
EndProject
Project("{2150E333-8FDC-42A3-9474-1A3956D46DE8}") = "Logs", "Logs", "{D6626585-4DE8-4287-8A03-F7EACC432D98}"
EndProject
Project("{FAE04EC0-301F-11D3-BF4B-00C04F79EFBC}") = "Log4NetApp", "Log4NetApp\Log4NetApp.csproj", "{D10343E7-320C-4809-AD6A-234F49979E0A}"
EndProject
Project("{2150E333-8FDC-42A3-9474-1A3956D46DE8}") = "RPC", "RPC", "{83BC1970-BB71-43E6-B426-323E2470EE24}"
EndProject
Project("{FAE04EC0-301F-11D3-BF4B-00C04F79EFBC}") = "Thrift.Client", "Thrift.Client\Thrift.Client.csproj", "{CDDC1862-4C20-40EB-9A34-4741FDB4291B}"
EndProject
Project("{FAE04EC0-301F-11D3-BF4B-00C04F79EFBC}") = "Thrift.Server", "Thrift.Server\Thrift.Server.csproj", "{9E1353A0-8CCB-4FFE-8BBF-E2FD01619785}"
EndProject
Project("{FAE04EC0-301F-11D3-BF4B-00C04F79EFBC}") = "HelloThrift.Interface", "HelloThrift.Interface\HelloThrift.Interface.csproj", "{0B9FE1E9-835A-4920-BD4B-6FE785C5ACC1}"
EndProject
Project("{FAE04EC0-301F-11D3-BF4B-00C04F79EFBC}") = "QuartzDemo", "QuartzDemo\QuartzDemo.csproj", "{958C73B5-7E53-4B5D-8950-637946970EE3}"
EndProject
Global
	GlobalSection(Performance) = preSolution
		HasPerformanceSessions = true
	EndGlobalSection
	GlobalSection(SolutionConfigurationPlatforms) = preSolution
		Debug|Any CPU = Debug|Any CPU
		Release|Any CPU = Release|Any CPU
	EndGlobalSection
	GlobalSection(ProjectConfigurationPlatforms) = postSolution
		{0E9ACAE7-FF06-4BD5-861B-748CF8303093}.Debug|Any CPU.ActiveCfg = Debug|Any CPU
		{0E9ACAE7-FF06-4BD5-861B-748CF8303093}.Debug|Any CPU.Build.0 = Debug|Any CPU
		{0E9ACAE7-FF06-4BD5-861B-748CF8303093}.Release|Any CPU.ActiveCfg = Release|Any CPU
		{0E9ACAE7-FF06-4BD5-861B-748CF8303093}.Release|Any CPU.Build.0 = Release|Any CPU
		{87660CB2-B627-4D92-B5E7-4B21B344B52B}.Debug|Any CPU.ActiveCfg = Debug|Any CPU
		{87660CB2-B627-4D92-B5E7-4B21B344B52B}.Debug|Any CPU.Build.0 = Debug|Any CPU
		{87660CB2-B627-4D92-B5E7-4B21B344B52B}.Release|Any CPU.ActiveCfg = Release|Any CPU
		{87660CB2-B627-4D92-B5E7-4B21B344B52B}.Release|Any CPU.Build.0 = Release|Any CPU
		{5F973E60-C13E-419E-8C91-111F8054C573}.Debug|Any CPU.ActiveCfg = Debug|Any CPU
		{5F973E60-C13E-419E-8C91-111F8054C573}.Debug|Any CPU.Build.0 = Debug|Any CPU
		{5F973E60-C13E-419E-8C91-111F8054C573}.Release|Any CPU.ActiveCfg = Release|Any CPU
		{5F973E60-C13E-419E-8C91-111F8054C573}.Release|Any CPU.Build.0 = Release|Any CPU
		{E2504296-77C5-4217-9D93-EEFF442ECE96}.Debug|Any CPU.ActiveCfg = Debug|Any CPU
		{E2504296-77C5-4217-9D93-EEFF442ECE96}.Debug|Any CPU.Build.0 = Debug|Any CPU
		{E2504296-77C5-4217-9D93-EEFF442ECE96}.Release|Any CPU.ActiveCfg = Release|Any CPU
		{E2504296-77C5-4217-9D93-EEFF442ECE96}.Release|Any CPU.Build.0 = Release|Any CPU
		{85F72CE4-A37A-41E8-8D0B-996A6F90D0D8}.Debug|Any CPU.ActiveCfg = Debug|Any CPU
		{85F72CE4-A37A-41E8-8D0B-996A6F90D0D8}.Debug|Any CPU.Build.0 = Debug|Any CPU
		{85F72CE4-A37A-41E8-8D0B-996A6F90D0D8}.Release|Any CPU.ActiveCfg = Release|Any CPU
		{85F72CE4-A37A-41E8-8D0B-996A6F90D0D8}.Release|Any CPU.Build.0 = Release|Any CPU
		{47C2419A-CE83-41C6-975B-F152A0B45094}.Debug|Any CPU.ActiveCfg = Debug|Any CPU
		{47C2419A-CE83-41C6-975B-F152A0B45094}.Debug|Any CPU.Build.0 = Debug|Any CPU
		{47C2419A-CE83-41C6-975B-F152A0B45094}.Release|Any CPU.ActiveCfg = Release|Any CPU
		{47C2419A-CE83-41C6-975B-F152A0B45094}.Release|Any CPU.Build.0 = Release|Any CPU
		{0F9FF1BF-8823-44E4-A2D6-C3455C3FD813}.Debug|Any CPU.ActiveCfg = Debug|Any CPU
		{0F9FF1BF-8823-44E4-A2D6-C3455C3FD813}.Debug|Any CPU.Build.0 = Debug|Any CPU
		{0F9FF1BF-8823-44E4-A2D6-C3455C3FD813}.Release|Any CPU.ActiveCfg = Release|Any CPU
		{0F9FF1BF-8823-44E4-A2D6-C3455C3FD813}.Release|Any CPU.Build.0 = Release|Any CPU
		{F29F9955-A43B-4251-B495-742125389ABF}.Debug|Any CPU.ActiveCfg = Debug|Any CPU
		{F29F9955-A43B-4251-B495-742125389ABF}.Debug|Any CPU.Build.0 = Debug|Any CPU
		{F29F9955-A43B-4251-B495-742125389ABF}.Release|Any CPU.ActiveCfg = Release|Any CPU
		{F29F9955-A43B-4251-B495-742125389ABF}.Release|Any CPU.Build.0 = Release|Any CPU
		{16062841-A849-4B08-B9A2-6EA3C33F8F42}.Debug|Any CPU.ActiveCfg = Debug|Any CPU
		{16062841-A849-4B08-B9A2-6EA3C33F8F42}.Debug|Any CPU.Build.0 = Debug|Any CPU
		{16062841-A849-4B08-B9A2-6EA3C33F8F42}.Release|Any CPU.ActiveCfg = Release|Any CPU
		{16062841-A849-4B08-B9A2-6EA3C33F8F42}.Release|Any CPU.Build.0 = Release|Any CPU
		{5AD5C8D9-0055-42A2-9071-E4888AFCB6CD}.Debug|Any CPU.ActiveCfg = Debug|Any CPU
		{5AD5C8D9-0055-42A2-9071-E4888AFCB6CD}.Debug|Any CPU.Build.0 = Debug|Any CPU
		{5AD5C8D9-0055-42A2-9071-E4888AFCB6CD}.Release|Any CPU.ActiveCfg = Release|Any CPU
		{5AD5C8D9-0055-42A2-9071-E4888AFCB6CD}.Release|Any CPU.Build.0 = Release|Any CPU
		{FC4EB5E7-3FFA-41FD-91F4-4B9B04AE07D3}.Debug|Any CPU.ActiveCfg = Debug|Any CPU
		{FC4EB5E7-3FFA-41FD-91F4-4B9B04AE07D3}.Debug|Any CPU.Build.0 = Debug|Any CPU
		{FC4EB5E7-3FFA-41FD-91F4-4B9B04AE07D3}.Release|Any CPU.ActiveCfg = Release|Any CPU
		{FC4EB5E7-3FFA-41FD-91F4-4B9B04AE07D3}.Release|Any CPU.Build.0 = Release|Any CPU
		{40121A72-8DED-44E7-8357-E25D69E5278A}.Debug|Any CPU.ActiveCfg = Debug|Any CPU
		{40121A72-8DED-44E7-8357-E25D69E5278A}.Debug|Any CPU.Build.0 = Debug|Any CPU
		{40121A72-8DED-44E7-8357-E25D69E5278A}.Release|Any CPU.ActiveCfg = Release|Any CPU
		{40121A72-8DED-44E7-8357-E25D69E5278A}.Release|Any CPU.Build.0 = Release|Any CPU
		{A18BE607-27A7-4690-8E41-76884951E77C}.Debug|Any CPU.ActiveCfg = Debug|Any CPU
		{A18BE607-27A7-4690-8E41-76884951E77C}.Debug|Any CPU.Build.0 = Debug|Any CPU
		{A18BE607-27A7-4690-8E41-76884951E77C}.Release|Any CPU.ActiveCfg = Release|Any CPU
		{A18BE607-27A7-4690-8E41-76884951E77C}.Release|Any CPU.Build.0 = Release|Any CPU
		{CFA336F8-1AC9-4972-8AB0-972B5ABAF398}.Debug|Any CPU.ActiveCfg = Debug|Any CPU
		{CFA336F8-1AC9-4972-8AB0-972B5ABAF398}.Debug|Any CPU.Build.0 = Debug|Any CPU
		{CFA336F8-1AC9-4972-8AB0-972B5ABAF398}.Release|Any CPU.ActiveCfg = Release|Any CPU
		{CFA336F8-1AC9-4972-8AB0-972B5ABAF398}.Release|Any CPU.Build.0 = Release|Any CPU
		{D10343E7-320C-4809-AD6A-234F49979E0A}.Debug|Any CPU.ActiveCfg = Debug|Any CPU
		{D10343E7-320C-4809-AD6A-234F49979E0A}.Debug|Any CPU.Build.0 = Debug|Any CPU
		{D10343E7-320C-4809-AD6A-234F49979E0A}.Release|Any CPU.ActiveCfg = Release|Any CPU
		{D10343E7-320C-4809-AD6A-234F49979E0A}.Release|Any CPU.Build.0 = Release|Any CPU
		{CDDC1862-4C20-40EB-9A34-4741FDB4291B}.Debug|Any CPU.ActiveCfg = Debug|Any CPU
		{CDDC1862-4C20-40EB-9A34-4741FDB4291B}.Debug|Any CPU.Build.0 = Debug|Any CPU
		{CDDC1862-4C20-40EB-9A34-4741FDB4291B}.Release|Any CPU.ActiveCfg = Release|Any CPU
		{CDDC1862-4C20-40EB-9A34-4741FDB4291B}.Release|Any CPU.Build.0 = Release|Any CPU
		{9E1353A0-8CCB-4FFE-8BBF-E2FD01619785}.Debug|Any CPU.ActiveCfg = Debug|Any CPU
		{9E1353A0-8CCB-4FFE-8BBF-E2FD01619785}.Debug|Any CPU.Build.0 = Debug|Any CPU
		{9E1353A0-8CCB-4FFE-8BBF-E2FD01619785}.Release|Any CPU.ActiveCfg = Release|Any CPU
		{9E1353A0-8CCB-4FFE-8BBF-E2FD01619785}.Release|Any CPU.Build.0 = Release|Any CPU
		{0B9FE1E9-835A-4920-BD4B-6FE785C5ACC1}.Debug|Any CPU.ActiveCfg = Debug|Any CPU
		{0B9FE1E9-835A-4920-BD4B-6FE785C5ACC1}.Debug|Any CPU.Build.0 = Debug|Any CPU
		{0B9FE1E9-835A-4920-BD4B-6FE785C5ACC1}.Release|Any CPU.ActiveCfg = Release|Any CPU
		{0B9FE1E9-835A-4920-BD4B-6FE785C5ACC1}.Release|Any CPU.Build.0 = Release|Any CPU
		{958C73B5-7E53-4B5D-8950-637946970EE3}.Debug|Any CPU.ActiveCfg = Debug|Any CPU
		{958C73B5-7E53-4B5D-8950-637946970EE3}.Debug|Any CPU.Build.0 = Debug|Any CPU
		{958C73B5-7E53-4B5D-8950-637946970EE3}.Release|Any CPU.ActiveCfg = Release|Any CPU
		{958C73B5-7E53-4B5D-8950-637946970EE3}.Release|Any CPU.Build.0 = Release|Any CPU
	EndGlobalSection
	GlobalSection(SolutionProperties) = preSolution
		HideSolutionNode = FALSE
	EndGlobalSection
	GlobalSection(NestedProjects) = preSolution
		{0E9ACAE7-FF06-4BD5-861B-748CF8303093} = {C7C900B4-A88D-4557-B74A-02531D20A806}
		{87660CB2-B627-4D92-B5E7-4B21B344B52B} = {F1B01BEA-88F4-44B3-83DE-8D4E363AED69}
		{5F973E60-C13E-419E-8C91-111F8054C573} = {C7C900B4-A88D-4557-B74A-02531D20A806}
		{E2504296-77C5-4217-9D93-EEFF442ECE96} = {C7C900B4-A88D-4557-B74A-02531D20A806}
		{85F72CE4-A37A-41E8-8D0B-996A6F90D0D8} = {F1B01BEA-88F4-44B3-83DE-8D4E363AED69}
		{47C2419A-CE83-41C6-975B-F152A0B45094} = {C7C900B4-A88D-4557-B74A-02531D20A806}
		{F29F9955-A43B-4251-B495-742125389ABF} = {C7C900B4-A88D-4557-B74A-02531D20A806}
		{5AD5C8D9-0055-42A2-9071-E4888AFCB6CD} = {56097DE4-8E4A-44BC-B398-2975FB69137C}
		{FC4EB5E7-3FFA-41FD-91F4-4B9B04AE07D3} = {56097DE4-8E4A-44BC-B398-2975FB69137C}
		{40121A72-8DED-44E7-8357-E25D69E5278A} = {777B06B6-1B13-45AC-97BD-C6B35AE9521B}
		{A18BE607-27A7-4690-8E41-76884951E77C} = {C09F9180-2539-43B0-B353-A85FA0275B7E}
		{CFA336F8-1AC9-4972-8AB0-972B5ABAF398} = {C09F9180-2539-43B0-B353-A85FA0275B7E}
		{D10343E7-320C-4809-AD6A-234F49979E0A} = {D6626585-4DE8-4287-8A03-F7EACC432D98}
		{CDDC1862-4C20-40EB-9A34-4741FDB4291B} = {83BC1970-BB71-43E6-B426-323E2470EE24}
		{9E1353A0-8CCB-4FFE-8BBF-E2FD01619785} = {83BC1970-BB71-43E6-B426-323E2470EE24}
		{0B9FE1E9-835A-4920-BD4B-6FE785C5ACC1} = {83BC1970-BB71-43E6-B426-323E2470EE24}
		{958C73B5-7E53-4B5D-8950-637946970EE3} = {C09F9180-2539-43B0-B353-A85FA0275B7E}
	EndGlobalSection
	GlobalSection(ExtensibilityGlobals) = postSolution
		SolutionGuid = {35FA63A3-7E9A-4F00-9766-93E1D57693EA}
	EndGlobalSection
	GlobalSection(Performance) = preSolution
		HasPerformanceSessions = true
	EndGlobalSection
	GlobalSection(Performance) = preSolution
		HasPerformanceSessions = true
	EndGlobalSection
	GlobalSection(Performance) = preSolution
		HasPerformanceSessions = true
	EndGlobalSection
	GlobalSection(Performance) = preSolution
		HasPerformanceSessions = true
	EndGlobalSection
	GlobalSection(Performance) = preSolution
		HasPerformanceSessions = true
	EndGlobalSection
	GlobalSection(Performance) = preSolution
		HasPerformanceSessions = true
	EndGlobalSection
	GlobalSection(Performance) = preSolution
		HasPerformanceSessions = true
	EndGlobalSection
	GlobalSection(Performance) = preSolution
		HasPerformanceSessions = true
	EndGlobalSection
EndGlobal
